{
  "originHash" : "358799c859861ee43c5a90ae83bfa49c59b7f39143f1f3e0889eac62e45afa9b",
  "pins" : [
    {
      "identity" : "networkkit",
      "kind" : "remoteSourceControl",
      "location" : "https://github.com/rrroyal/NetworkKit",
      "state" : {
        "branch" : "main",
        "revision" : "9a7cbf968f3fcc21445f31a63dac22020d17a74b"
      }
    }
  ],
  "version" : 3
}
